
Microsoft Visual Studio Solution File, Format Version 12.00
# Visual Studio Version 16
VisualStudioVersion = 16.0.32002.261
MinimumVisualStudioVersion = 10.0.40219.1
Project("{FAE04EC0-301F-11D3-BF4B-00C04F79EFBC}") = "kamehameha", "kamehameha\kamehameha.csproj", "{99390901-2D7B-463D-A835-3A312B6FD83A}"
EndProject
Global
	GlobalSection(SolutionConfigurationPlatforms) = preSolution
		Debug|Any CPU = Debug|Any CPU
		Release|Any CPU = Release|Any CPU
	EndGlobalSection
	GlobalSection(ProjectConfigurationPlatforms) = postSolution
		{99390901-2D7B-463D-A835-3A312B6FD83A}.Debug|Any CPU.ActiveCfg = Debug|Any CPU
		{99390901-2D7B-463D-A835-3A312B6FD83A}.Debug|Any CPU.Build.0 = Debug|Any CPU
		{99390901-2D7B-463D-A835-3A312B6FD83A}.Release|Any CPU.ActiveCfg = Release|Any CPU
		{99390901-2D7B-463D-A835-3A312B6FD83A}.Release|Any CPU.Build.0 = Release|Any CPU
	EndGlobalSection
	GlobalSection(SolutionProperties) = preSolution
		HideSolutionNode = FALSE
	EndGlobalSection
	GlobalSection(ExtensibilityGlobals) = postSolution
		SolutionGuid = {FAACBD98-1915-4A8D-9107-30D6CA0C0737}
	EndGlobalSection
EndGlobal
